// !$*UTF8*$!
{
	archiveVersion = 1;
	classes = {
	};
	objectVersion = 50;
	objects = {

/* Begin PBXBuildFile section */
		F6321A2E26F0FAEE009A473C /* AppDelegate.swift in Sources */ = {isa = PBXBuildFile; fileRef = F6321A2D26F0FAEE009A473C /* AppDelegate.swift */; };
		F6321A3026F0FAEE009A473C /* SceneDelegate.swift in Sources */ = {isa = PBXBuildFile; fileRef = F6321A2F26F0FAEE009A473C /* SceneDelegate.swift */; };
		F6321A3226F0FAEE009A473C /* ViewController.swift in Sources */ = {isa = PBXBuildFile; fileRef = F6321A3126F0FAEE009A473C /* ViewController.swift */; };
		F6321A3526F0FAEE009A473C /* Main.storyboard in Resources */ = {isa = PBXBuildFile; fileRef = F6321A3326F0FAEE009A473C /* Main.storyboard */; };
		F6321A3726F0FAF2009A473C /* Assets.xcassets in Resources */ = {isa = PBXBuildFile; fileRef = F6321A3626F0FAF2009A473C /* Assets.xcassets */; };
		F6321A3A26F0FAF2009A473C /* LaunchScreen.storyboard in Resources */ = {isa = PBXBuildFile; fileRef = F6321A3826F0FAF2009A473C /* LaunchScreen.storyboard */; };
		F6321A4526F0FAF2009A473C /* FlixxTests.swift in Sources */ = {isa = PBXBuildFile; fileRef = F6321A4426F0FAF2009A473C /* FlixxTests.swift */; };
		F6321A5026F0FAF2009A473C /* FlixxUITests.swift in Sources */ = {isa = PBXBuildFile; fileRef = F6321A4F26F0FAF2009A473C /* FlixxUITests.swift */; };
/* End PBXBuildFile section */

/* Begin PBXContainerItemProxy section */
		F6321A4126F0FAF2009A473C /* PBXContainerItemProxy */ = {
			isa = PBXContainerItemProxy;
			containerPortal = F6321A2226F0FAEE009A473C /* Project object */;
			proxyType = 1;
			remoteGlobalIDString = F6321A2926F0FAEE009A473C;
			remoteInfo = Flixx;
		};
		F6321A4C26F0FAF2009A473C /* PBXContainerItemProxy */ = {
			isa = PBXContainerItemProxy;
			containerPortal = F6321A2226F0FAEE009A473C /* Project object */;
			proxyType = 1;
			remoteGlobalIDString = F6321A2926F0FAEE009A473C;
			remoteInfo = Flixx;
		};
/* End PBXContainerItemProxy section */

/* Begin PBXFileReference section */
		F6321A2A26F0FAEE009A473C /* Flixx.app */ = {isa = PBXFileReference; explicitFileType = wrapper.application; includeInIndex = 0; path = Flixx.app; sourceTree = BUILT_PRODUCTS_DIR; };
		F6321A2D26F0FAEE009A473C /* AppDelegate.swift */ = {isa = PBXFileReference; lastKnownFileType = sourcecode.swift; path = AppDelegate.swift; sourceTree = "<group>"; };
		F6321A2F26F0FAEE009A473C /* SceneDelegate.swift */ = {isa = PBXFileReference; lastKnownFileType = sourcecode.swift; path = SceneDelegate.swift; sourceTree = "<group>"; };
		F6321A3126F0FAEE009A473C /* ViewController.swift */ = {isa = PBXFileReference; lastKnownFileType = sourcecode.swift; path = ViewController.swift; sourceTree = "<group>"; };
		F6321A3426F0FAEE009A473C /* Base */ = {isa = PBXFileReference; lastKnownFileType = file.storyboard; name = Base; path = Base.lproj/Main.storyboard; sourceTree = "<group>"; };
		F6321A3626F0FAF2009A473C /* Assets.xcassets */ = {isa = PBXFileReference; lastKnownFileType = folder.assetcatalog; path = Assets.xcassets; sourceTree = "<group>"; };
		F6321A3926F0FAF2009A473C /* Base */ = {isa = PBXFileReference; lastKnownFileType = file.storyboard; name = Base; path = Base.lproj/LaunchScreen.storyboard; sourceTree = "<group>"; };
		F6321A3B26F0FAF2009A473C /* Info.plist */ = {isa = PBXFileReference; lastKnownFileType = text.plist.xml; path = Info.plist; sourceTree = "<group>"; };
		F6321A4026F0FAF2009A473C /* FlixxTests.xctest */ = {isa = PBXFileReference; explicitFileType = wrapper.cfbundle; includeInIndex = 0; path = FlixxTests.xctest; sourceTree = BUILT_PRODUCTS_DIR; };
		F6321A4426F0FAF2009A473C /* FlixxTests.swift */ = {isa = PBXFileReference; lastKnownFileType = sourcecode.swift; path = FlixxTests.swift; sourceTree = "<group>"; };
		F6321A4626F0FAF2009A473C /* Info.plist */ = {isa = PBXFileReference; lastKnownFileType = text.plist.xml; path = Info.plist; sourceTree = "<group>"; };
		F6321A4B26F0FAF2009A473C /* FlixxUITests.xctest */ = {isa = PBXFileReference; explicitFileType = wrapper.cfbundle; includeInIndex = 0; path = FlixxUITests.xctest; sourceTree = BUILT_PRODUCTS_DIR; };
		F6321A4F26F0FAF2009A473C /* FlixxUITests.swift */ = {isa = PBXFileReference; lastKnownFileType = sourcecode.swift; path = FlixxUITests.swift; sourceTree = "<group>"; };
		F6321A5126F0FAF2009A473C /* Info.plist */ = {isa = PBXFileReference; lastKnownFileType = text.plist.xml; path = Info.plist; sourceTree = "<group>"; };
/* End PBXFileReference section */

/* Begin PBXFrameworksBuildPhase section */
		F6321A2726F0FAEE009A473C /* Frameworks */ = {
			isa = PBXFrameworksBuildPhase;
			buildActionMask = 2147483647;
			files = (
			);
			runOnlyForDeploymentPostprocessing = 0;
		};
		F6321A3D26F0FAF2009A473C /* Frameworks */ = {
			isa = PBXFrameworksBuildPhase;
			buildActionMask = 2147483647;
			files = (
			);
			runOnlyForDeploymentPostprocessing = 0;
		};
		F6321A4826F0FAF2009A473C /* Frameworks */ = {
			isa = PBXFrameworksBuildPhase;
			buildActionMask = 2147483647;
			files = (
			);
			runOnlyForDeploymentPostprocessing = 0;
		};
/* End PBXFrameworksBuildPhase section */

/* Begin PBXGroup section */
		F6321A2126F0FAEE009A473C = {
			isa = PBXGroup;
			children = (
				F6321A2C26F0FAEE009A473C /* Flixx */,
				F6321A4326F0FAF2009A473C /* FlixxTests */,
				F6321A4E26F0FAF2009A473C /* FlixxUITests */,
				F6321A2B26F0FAEE009A473C /* Products */,
			);
			sourceTree = "<group>";
		};
		F6321A2B26F0FAEE009A473C /* Products */ = {
			isa = PBXGroup;
			children = (
				F6321A2A26F0FAEE009A473C /* Flixx.app */,
				F6321A4026F0FAF2009A473C /* FlixxTests.xctest */,
				F6321A4B26F0FAF2009A473C /* FlixxUITests.xctest */,
			);
			name = Products;
			sourceTree = "<group>";
		};
		F6321A2C26F0FAEE009A473C /* Flixx */ = {
			isa = PBXGroup;
			children = (
				F6321A2D26F0FAEE009A473C /* AppDelegate.swift */,
				F6321A2F26F0FAEE009A473C /* SceneDelegate.swift */,
				F6321A3126F0FAEE009A473C /* ViewController.swift */,
				F6321A3326F0FAEE009A473C /* Main.storyboard */,
				F6321A3626F0FAF2009A473C /* Assets.xcassets */,
				F6321A3826F0FAF2009A473C /* LaunchScreen.storyboard */,
				F6321A3B26F0FAF2009A473C /* Info.plist */,
			);
			path = Flixx;
			sourceTree = "<group>";
		};
		F6321A4326F0FAF2009A473C /* FlixxTests */ = {
			isa = PBXGroup;
			children = (
				F6321A4426F0FAF2009A473C /* FlixxTests.swift */,
				F6321A4626F0FAF2009A473C /* Info.plist */,
			);
			path = FlixxTests;
			sourceTree = "<group>";
		};
		F6321A4E26F0FAF2009A473C /* FlixxUITests */ = {
			isa = PBXGroup;
			children = (
				F6321A4F26F0FAF2009A473C /* FlixxUITests.swift */,
				F6321A5126F0FAF2009A473C /* Info.plist */,
			);
			path = FlixxUITests;
			sourceTree = "<group>";
		};
/* End PBXGroup section */

/* Begin PBXNativeTarget section */
		F6321A2926F0FAEE009A473C /* Flixx */ = {
			isa = PBXNativeTarget;
			buildConfigurationList = F6321A5426F0FAF2009A473C /* Build configuration list for PBXNativeTarget "Flixx" */;
			buildPhases = (
				F6321A2626F0FAEE009A473C /* Sources */,
				F6321A2726F0FAEE009A473C /* Frameworks */,
				F6321A2826F0FAEE009A473C /* Resources */,
			);
			buildRules = (
			);
			dependencies = (
			);
			name = Flixx;
			productName = Flixx;
			productReference = F6321A2A26F0FAEE009A473C /* Flixx.app */;
			productType = "com.apple.product-type.application";
		};
		F6321A3F26F0FAF2009A473C /* FlixxTests */ = {
			isa = PBXNativeTarget;
			buildConfigurationList = F6321A5726F0FAF2009A473C /* Build configuration list for PBXNativeTarget "FlixxTests" */;
			buildPhases = (
				F6321A3C26F0FAF2009A473C /* Sources */,
				F6321A3D26F0FAF2009A473C /* Frameworks */,
				F6321A3E26F0FAF2009A473C /* Resources */,
			);
			buildRules = (
			);
			dependencies = (
				F6321A4226F0FAF2009A473C /* PBXTargetDependency */,
			);
			name = FlixxTests;
			productName = FlixxTests;
			productReference = F6321A4026F0FAF2009A473C /* FlixxTests.xctest */;
			productType = "com.apple.product-type.bundle.unit-test";
		};
		F6321A4A26F0FAF2009A473C /* FlixxUITests */ = {
			isa = PBXNativeTarget;
			buildConfigurationList = F6321A5A26F0FAF2009A473C /* Build configuration list for PBXNativeTarget "FlixxUITests" */;
			buildPhases = (
				F6321A4726F0FAF2009A473C /* Sources */,
				F6321A4826F0FAF2009A473C /* Frameworks */,
				F6321A4926F0FAF2009A473C /* Resources */,
			);
			buildRules = (
			);
			dependencies = (
				F6321A4D26F0FAF2009A473C /* PBXTargetDependency */,
			);
			name = FlixxUITests;
			productName = FlixxUITests;
			productReference = F6321A4B26F0FAF2009A473C /* FlixxUITests.xctest */;
			productType = "com.apple.product-type.bundle.ui-testing";
		};
/* End PBXNativeTarget section */

/* Begin PBXProject section */
		F6321A2226F0FAEE009A473C /* Project object */ = {
			isa = PBXProject;
			attributes = {
				LastSwiftUpdateCheck = 1250;
				LastUpgradeCheck = 1250;
				TargetAttributes = {
					F6321A2926F0FAEE009A473C = {
						CreatedOnToolsVersion = 12.5.1;
					};
					F6321A3F26F0FAF2009A473C = {
						CreatedOnToolsVersion = 12.5.1;
						TestTargetID = F6321A2926F0FAEE009A473C;
					};
					F6321A4A26F0FAF2009A473C = {
						CreatedOnToolsVersion = 12.5.1;
						TestTargetID = F6321A2926F0FAEE009A473C;
					};
				};
			};
			buildConfigurationList = F6321A2526F0FAEE009A473C /* Build configuration list for PBXProject "Flixx" */;
			compatibilityVersion = "Xcode 9.3";
			developmentRegion = en;
			hasScannedForEncodings = 0;
			knownRegions = (
				en,
				Base,
			);
			mainGroup = F6321A2126F0FAEE009A473C;
			productRefGroup = F6321A2B26F0FAEE009A473C /* Products */;
			projectDirPath = "";
			projectRoot = "";
			targets = (
				F6321A2926F0FAEE009A473C /* Flixx */,
				F6321A3F26F0FAF2009A473C /* FlixxTests */,
				F6321A4A26F0FAF2009A473C /* FlixxUITests */,
			);
		};
/* End PBXProject section */

/* Begin PBXResourcesBuildPhase section */
		F6321A2826F0FAEE009A473C /* Resources */ = {
			isa = PBXResourcesBuildPhase;
			buildActionMask = 2147483647;
			files = (
				F6321A3A26F0FAF2009A473C /* LaunchScreen.storyboard in Resources */,
				F6321A3726F0FAF2009A473C /* Assets.xcassets in Resources */,
				F6321A3526F0FAEE009A473C /* Main.storyboard in Resources */,
			);
			runOnlyForDeploymentPostprocessing = 0;
		};
		F6321A3E26F0FAF2009A473C /* Resources */ = {
			isa = PBXResourcesBuildPhase;
			buildActionMask = 2147483647;
			files = (
			);
			runOnlyForDeploymentPostprocessing = 0;
		};
		F6321A4926F0FAF2009A473C /* Resources */ = {
			isa = PBXResourcesBuildPhase;
			buildActionMask = 2147483647;
			files = (
			);
			runOnlyForDeploymentPostprocessing = 0;
		};
/* End PBXResourcesBuildPhase section */

/* Begin PBXSourcesBuildPhase section */
		F6321A2626F0FAEE009A473C /* Sources */ = {
			isa = PBXSourcesBuildPhase;
			buildActionMask = 2147483647;
			files = (
				F6321A3226F0FAEE009A473C /* ViewController.swift in Sources */,
				F6321A2E26F0FAEE009A473C /* AppDelegate.swift in Sources */,
				F6321A3026F0FAEE009A473C /* SceneDelegate.swift in Sources */,
			);
			runOnlyForDeploymentPostprocessing = 0;
		};
		F6321A3C26F0FAF2009A473C /* Sources */ = {
			isa = PBXSourcesBuildPhase;
			buildActionMask = 2147483647;
			files = (
				F6321A4526F0FAF2009A473C /* FlixxTests.swift in Sources */,
			);
			runOnlyForDeploymentPostprocessing = 0;
		};
		F6321A4726F0FAF2009A473C /* Sources */ = {
			isa = PBXSourcesBuildPhase;
			buildActionMask = 2147483647;
			files = (
				F6321A5026F0FAF2009A473C /* FlixxUITests.swift in Sources */,
			);
			runOnlyForDeploymentPostprocessing = 0;
		};
/* End PBXSourcesBuildPhase section */

/* Begin PBXTargetDependency section */
		F6321A4226F0FAF2009A473C /* PBXTargetDependency */ = {
			isa = PBXTargetDependency;
			target = F6321A2926F0FAEE009A473C /* Flixx */;
			targetProxy = F6321A4126F0FAF2009A473C /* PBXContainerItemProxy */;
		};
		F6321A4D26F0FAF2009A473C /* PBXTargetDependency */ = {
			isa = PBXTargetDependency;
			target = F6321A2926F0FAEE009A473C /* Flixx */;
			targetProxy = F6321A4C26F0FAF2009A473C /* PBXContainerItemProxy */;
		};
/* End PBXTargetDependency section */

/* Begin PBXVariantGroup section */
		F6321A3326F0FAEE009A473C /* Main.storyboard */ = {
			isa = PBXVariantGroup;
			children = (
				F6321A3426F0FAEE009A473C /* Base */,
			);
			name = Main.storyboard;
			sourceTree = "<group>";
		};
		F6321A3826F0FAF2009A473C /* LaunchScreen.storyboard */ = {
			isa = PBXVariantGroup;
			children = (
				F6321A3926F0FAF2009A473C /* Base */,
			);
			name = LaunchScreen.storyboard;
			sourceTree = "<group>";
		};
/* End PBXVariantGroup section */

/* Begin XCBuildConfiguration section */
		F6321A5226F0FAF2009A473C /* Debug */ = {
			isa = XCBuildConfiguration;
			buildSettings = {
				ALWAYS_SEARCH_USER_PATHS = NO;
				CLANG_ANALYZER_NONNULL = YES;
				CLANG_ANALYZER_NUMBER_OBJECT_CONVERSION = YES_AGGRESSIVE;
				CLANG_CXX_LANGUAGE_STANDARD = "gnu++14";
				CLANG_CXX_LIBRARY = "libc++";
				CLANG_ENABLE_MODULES = YES;
				CLANG_ENABLE_OBJC_ARC = YES;
				CLANG_ENABLE_OBJC_WEAK = YES;
				CLANG_WARN_BLOCK_CAPTURE_AUTORELEASING = YES;
				CLANG_WARN_BOOL_CONVERSION = YES;
				CLANG_WARN_COMMA = YES;
				CLANG_WARN_CONSTANT_CONVERSION = YES;
				CLANG_WARN_DEPRECATED_OBJC_IMPLEMENTATIONS = YES;
				CLANG_WARN_DIRECT_OBJC_ISA_USAGE = YES_ERROR;
				CLANG_WARN_DOCUMENTATION_COMMENTS = YES;
				CLANG_WARN_EMPTY_BODY = YES;
				CLANG_WARN_ENUM_CONVERSION = YES;
				CLANG_WARN_INFINITE_RECURSION = YES;
				CLANG_WARN_INT_CONVERSION = YES;
				CLANG_WARN_NON_LITERAL_NULL_CONVERSION = YES;
				CLANG_WARN_OBJC_IMPLICIT_RETAIN_SELF = YES;
				CLANG_WARN_OBJC_LITERAL_CONVERSION = YES;
				CLANG_WARN_OBJC_ROOT_CLASS = YES_ERROR;
				CLANG_WARN_QUOTED_INCLUDE_IN_FRAMEWORK_HEADER = YES;
				CLANG_WARN_RANGE_LOOP_ANALYSIS = YES;
				CLANG_WARN_STRICT_PROTOTYPES = YES;
				CLANG_WARN_SUSPICIOUS_MOVE = YES;
				CLANG_WARN_UNGUARDED_AVAILABILITY = YES_AGGRESSIVE;
				CLANG_WARN_UNREACHABLE_CODE = YES;
				CLANG_WARN__DUPLICATE_METHOD_MATCH = YES;
				COPY_PHASE_STRIP = NO;
				DEBUG_INFORMATION_FORMAT = dwarf;
				ENABLE_STRICT_OBJC_MSGSEND = YES;
				ENABLE_TESTABILITY = YES;
				GCC_C_LANGUAGE_STANDARD = gnu11;
				GCC_DYNAMIC_NO_PIC = NO;
				GCC_NO_COMMON_BLOCKS = YES;
				GCC_OPTIMIZATION_LEVEL = 0;
				GCC_PREPROCESSOR_DEFINITIONS = (
					"DEBUG=1",
					"$(inherited)",
				);
				GCC_WARN_64_TO_32_BIT_CONVERSION = YES;
				GCC_WARN_ABOUT_RETURN_TYPE = YES_ERROR;
				GCC_WARN_UNDECLARED_SELECTOR = YES;
				GCC_WARN_UNINITIALIZED_AUTOS = YES_AGGRESSIVE;
				GCC_WARN_UNUSED_FUNCTION = YES;
				GCC_WARN_UNUSED_VARIABLE = YES;
				IPHONEOS_DEPLOYMENT_TARGET = 14.5;
				MTL_ENABLE_DEBUG_INFO = INCLUDE_SOURCE;
				MTL_FAST_MATH = YES;
				ONLY_ACTIVE_ARCH = YES;
				SDKROOT = iphoneos;
				SWIFT_ACTIVE_COMPILATION_CONDITIONS = DEBUG;
				SWIFT_OPTIMIZATION_LEVEL = "-Onone";
			};
			name = Debug;
		};
		F6321A5326F0FAF2009A473C /* Release */ = {
			isa = XCBuildConfiguration;
			buildSettings = {
				ALWAYS_SEARCH_USER_PATHS = NO;
				CLANG_ANALYZER_NONNULL = YES;
				CLANG_ANALYZER_NUMBER_OBJECT_CONVERSION = YES_AGGRESSIVE;
				CLANG_CXX_LANGUAGE_STANDARD = "gnu++14";
				CLANG_CXX_LIBRARY = "libc++";
				CLANG_ENABLE_MODULES = YES;
				CLANG_ENABLE_OBJC_ARC = YES;
				CLANG_ENABLE_OBJC_WEAK = YES;
				CLANG_WARN_BLOCK_CAPTURE_AUTORELEASING = YES;
				CLANG_WARN_BOOL_CONVERSION = YES;
				CLANG_WARN_COMMA = YES;
				CLANG_WARN_CONSTANT_CONVERSION = YES;
				CLANG_WARN_DEPRECATED_OBJC_IMPLEMENTATIONS = YES;
				CLANG_WARN_DIRECT_OBJC_ISA_USAGE = YES_ERROR;
				CLANG_WARN_DOCUMENTATION_COMMENTS = YES;
				CLANG_WARN_EMPTY_BODY = YES;
				CLANG_WARN_ENUM_CONVERSION = YES;
				CLANG_WARN_INFINITE_RECURSION = YES;
				CLANG_WARN_INT_CONVERSION = YES;
				CLANG_WARN_NON_LITERAL_NULL_CONVERSION = YES;
				CLANG_WARN_OBJC_IMPLICIT_RETAIN_SELF = YES;
				CLANG_WARN_OBJC_LITERAL_CONVERSION = YES;
				CLANG_WARN_OBJC_ROOT_CLASS = YES_ERROR;
				CLANG_WARN_QUOTED_INCLUDE_IN_FRAMEWORK_HEADER = YES;
				CLANG_WARN_RANGE_LOOP_ANALYSIS = YES;
				CLANG_WARN_STRICT_PROTOTYPES = YES;
				CLANG_WARN_SUSPICIOUS_MOVE = YES;
				CLANG_WARN_UNGUARDED_AVAILABILITY = YES_AGGRESSIVE;
				CLANG_WARN_UNREACHABLE_CODE = YES;
				CLANG_WARN__DUPLICATE_METHOD_MATCH = YES;
				COPY_PHASE_STRIP = NO;
				DEBUG_INFORMATION_FORMAT = "dwarf-with-dsym";
				ENABLE_NS_ASSERTIONS = NO;
				ENABLE_STRICT_OBJC_MSGSEND = YES;
				GCC_C_LANGUAGE_STANDARD = gnu11;
				GCC_NO_COMMON_BLOCKS = YES;
				GCC_WARN_64_TO_32_BIT_CONVERSION = YES;
				GCC_WARN_ABOUT_RETURN_TYPE = YES_ERROR;
				GCC_WARN_UNDECLARED_SELECTOR = YES;
				GCC_WARN_UNINITIALIZED_AUTOS = YES_AGGRESSIVE;
				GCC_WARN_UNUSED_FUNCTION = YES;
				GCC_WARN_UNUSED_VARIABLE = YES;
				IPHONEOS_DEPLOYMENT_TARGET = 14.5;
				MTL_ENABLE_DEBUG_INFO = NO;
				MTL_FAST_MATH = YES;
				SDKROOT = iphoneos;
				SWIFT_COMPILATION_MODE = wholemodule;
				SWIFT_OPTIMIZATION_LEVEL = "-O";
				VALIDATE_PRODUCT = YES;
			};
			name = Release;
		};
		F6321A5526F0FAF2009A473C /* Debug */ = {
			isa = XCBuildConfiguration;
			buildSettings = {
				ASSETCATALOG_COMPILER_APPICON_NAME = AppIcon;
				ASSETCATALOG_COMPILER_GLOBAL_ACCENT_COLOR_NAME = AccentColor;
				CODE_SIGN_STYLE = Automatic;
				DEVELOPMENT_TEAM = RF53HA3755;
				INFOPLIST_FILE = Flixx/Info.plist;
				LD_RUNPATH_SEARCH_PATHS = (
					"$(inherited)",
					"@executable_path/Frameworks",
				);
				PRODUCT_BUNDLE_IDENTIFIER = "Samrat-CodePath.Flixx";
				PRODUCT_NAME = "$(TARGET_NAME)";
				SWIFT_VERSION = 5.0;
				TARGETED_DEVICE_FAMILY = "1,2";
			};
			name = Debug;
		};
		F6321A5626F0FAF2009A473C /* Release */ = {
			isa = XCBuildConfiguration;
			buildSettings = {
				ASSETCATALOG_COMPILER_APPICON_NAME = AppIcon;
				ASSETCATALOG_COMPILER_GLOBAL_ACCENT_COLOR_NAME = AccentColor;
				CODE_SIGN_STYLE = Automatic;
				DEVELOPMENT_TEAM = RF53HA3755;
				INFOPLIST_FILE = Flixx/Info.plist;
				LD_RUNPATH_SEARCH_PATHS = (
					"$(inherited)",
					"@executable_path/Frameworks",
				);
				PRODUCT_BUNDLE_IDENTIFIER = "Samrat-CodePath.Flixx";
				PRODUCT_NAME = "$(TARGET_NAME)";
				SWIFT_VERSION = 5.0;
				TARGETED_DEVICE_FAMILY = "1,2";
			};
			name = Release;
		};
		F6321A5826F0FAF2009A473C /* Debug */ = {
			isa = XCBuildConfiguration;
			buildSettings = {
				ALWAYS_EMBED_SWIFT_STANDARD_LIBRARIES = YES;
				BUNDLE_LOADER = "$(TEST_HOST)";
				CODE_SIGN_STYLE = Automatic;
				DEVELOPMENT_TEAM = RF53HA3755;
				INFOPLIST_FILE = FlixxTests/Info.plist;
				IPHONEOS_DEPLOYMENT_TARGET = 14.5;
				LD_RUNPATH_SEARCH_PATHS = (
					"$(inherited)",
					"@executable_path/Frameworks",
					"@loader_path/Frameworks",
				);
				PRODUCT_BUNDLE_IDENTIFIER = "Samrat-CodePath.FlixxTests";
				PRODUCT_NAME = "$(TARGET_NAME)";
				SWIFT_VERSION = 5.0;
				TARGETED_DEVICE_FAMILY = "1,2";
				TEST_HOST = "$(BUILT_PRODUCTS_DIR)/Flixx.app/Flixx";
			};
			name = Debug;
		};
		F6321A5926F0FAF2009A473C /* Release */ = {
			isa = XCBuildConfiguration;
			buildSettings = {
				ALWAYS_EMBED_SWIFT_STANDARD_LIBRARIES = YES;
				BUNDLE_LOADER = "$(TEST_HOST)";
				CODE_SIGN_STYLE = Automatic;
				DEVELOPMENT_TEAM = RF53HA3755;
				INFOPLIST_FILE = FlixxTests/Info.plist;
				IPHONEOS_DEPLOYMENT_TARGET = 14.5;
				LD_RUNPATH_SEARCH_PATHS = (
					"$(inherited)",
					"@executable_path/Frameworks",
					"@loader_path/Frameworks",
				);
				PRODUCT_BUNDLE_IDENTIFIER = "Samrat-CodePath.FlixxTests";
				PRODUCT_NAME = "$(TARGET_NAME)";
				SWIFT_VERSION = 5.0;
				TARGETED_DEVICE_FAMILY = "1,2";
				TEST_HOST = "$(BUILT_PRODUCTS_DIR)/Flixx.app/Flixx";
			};
			name = Release;
		};
		F6321A5B26F0FAF2009A473C /* Debug */ = {
			isa = XCBuildConfiguration;
			buildSettings = {
				ALWAYS_EMBED_SWIFT_STANDARD_LIBRARIES = YES;
				CODE_SIGN_STYLE = Automatic;
				DEVELOPMENT_TEAM = RF53HA3755;
				INFOPLIST_FILE = FlixxUITests/Info.plist;
				LD_RUNPATH_SEARCH_PATHS = (
					"$(inherited)",
					"@executable_path/Frameworks",
					"@loader_path/Frameworks",
				);
				PRODUCT_BUNDLE_IDENTIFIER = "Samrat-CodePath.FlixxUITests";
				PRODUCT_NAME = "$(TARGET_NAME)";
				SWIFT_VERSION = 5.0;
				TARGETED_DEVICE_FAMILY = "1,2";
				TEST_TARGET_NAME = Flixx;
			};
			name = Debug;
		};
		F6321A5C26F0FAF2009A473C /* Release */ = {
			isa = XCBuildConfiguration;
			buildSettings = {
				ALWAYS_EMBED_SWIFT_STANDARD_LIBRARIES = YES;
				CODE_SIGN_STYLE = Automatic;
				DEVELOPMENT_TEAM = RF53HA3755;
				INFOPLIST_FILE = FlixxUITests/Info.plist;
				LD_RUNPATH_SEARCH_PATHS = (
					"$(inherited)",
					"@executable_path/Frameworks",
					"@loader_path/Frameworks",
				);
				PRODUCT_BUNDLE_IDENTIFIER = "Samrat-CodePath.FlixxUITests";
				PRODUCT_NAME = "$(TARGET_NAME)";
				SWIFT_VERSION = 5.0;
				TARGETED_DEVICE_FAMILY = "1,2";
				TEST_TARGET_NAME = Flixx;
			};
			name = Release;
		};
/* End XCBuildConfiguration section */

/* Begin XCConfigurationList section */
		F6321A2526F0FAEE009A473C /* Build configuration list for PBXProject "Flixx" */ = {
			isa = XCConfigurationList;
			buildConfigurations = (
				F6321A5226F0FAF2009A473C /* Debug */,
				F6321A5326F0FAF2009A473C /* Release */,
			);
			defaultConfigurationIsVisible = 0;
			defaultConfigurationName = Release;
		};
		F6321A5426F0FAF2009A473C /* Build configuration list for PBXNativeTarget "Flixx" */ = {
			isa = XCConfigurationList;
			buildConfigurations = (
				F6321A5526F0FAF2009A473C /* Debug */,
				F6321A5626F0FAF2009A473C /* Release */,
			);
			defaultConfigurationIsVisible = 0;
			defaultConfigurationName = Release;
		};
		F6321A5726F0FAF2009A473C /* Build configuration list for PBXNativeTarget "FlixxTests" */ = {
			isa = XCConfigurationList;
			buildConfigurations = (
				F6321A5826F0FAF2009A473C /* Debug */,
				F6321A5926F0FAF2009A473C /* Release */,
			);
			defaultConfigurationIsVisible = 0;
			defaultConfigurationName = Release;
		};
		F6321A5A26F0FAF2009A473C /* Build configuration list for PBXNativeTarget "FlixxUITests" */ = {
			isa = XCConfigurationList;
			buildConfigurations = (
				F6321A5B26F0FAF2009A473C /* Debug */,
				F6321A5C26F0FAF2009A473C /* Release */,
			);
			defaultConfigurationIsVisible = 0;
			defaultConfigurationName = Release;
		};
/* End XCConfigurationList section */
	};
	rootObject = F6321A2226F0FAEE009A473C /* Project object */;
}
